
Microsoft Visual Studio Solution File, Format Version 12.00
# Visual Studio Version 16
VisualStudioVersion = 16.0.34114.132
MinimumVisualStudioVersion = 10.0.40219.1
Project("{2150E333-8FDC-42A3-9474-1A3956D46DE8}") = "TaskReview", "TaskReview", "{120D3275-4D3A-4EA8-8D04-917F6A557608}"
EndProject
Project("{FAE04EC0-301F-11D3-BF4B-00C04F79EFBC}") = "Tyuui.SokolovaAA.Sprint1.TaskReview.V5", "Tyuui.SokolovaAA.Sprint1.TaskReview.V5\Tyuui.SokolovaAA.Sprint1.TaskReview.V5.csproj", "{18E50FAE-B35E-495D-A8A9-17FBE22D54DB}"
EndProject
Project("{FAE04EC0-301F-11D3-BF4B-00C04F79EFBC}") = "Tyuiu.SokolovaAA.Sprint1.TaskReview.V5.Lib", "Tyuiu.SokolovaAA.Sprint1.TaskReview.V5.Lib\Tyuiu.SokolovaAA.Sprint1.TaskReview.V5.Lib.csproj", "{CE481A43-FE6F-467E-B6E0-9D1768815A0B}"
EndProject
Project("{FAE04EC0-301F-11D3-BF4B-00C04F79EFBC}") = "Tyuiu.SokolovaAA.Sprint1.TaskReview.V5.Test", "Tyuiu.SokolovaAA.Sprint1.TaskReview.V5.Test\Tyuiu.SokolovaAA.Sprint1.TaskReview.V5.Test.csproj", "{A301761D-8FFD-44CB-8934-6BB3768045A7}"
EndProject
Global
	GlobalSection(SolutionConfigurationPlatforms) = preSolution
		Debug|Any CPU = Debug|Any CPU
		Release|Any CPU = Release|Any CPU
	EndGlobalSection
	GlobalSection(ProjectConfigurationPlatforms) = postSolution
		{18E50FAE-B35E-495D-A8A9-17FBE22D54DB}.Debug|Any CPU.ActiveCfg = Debug|Any CPU
		{18E50FAE-B35E-495D-A8A9-17FBE22D54DB}.Debug|Any CPU.Build.0 = Debug|Any CPU
		{18E50FAE-B35E-495D-A8A9-17FBE22D54DB}.Release|Any CPU.ActiveCfg = Release|Any CPU
		{18E50FAE-B35E-495D-A8A9-17FBE22D54DB}.Release|Any CPU.Build.0 = Release|Any CPU
		{CE481A43-FE6F-467E-B6E0-9D1768815A0B}.Debug|Any CPU.ActiveCfg = Debug|Any CPU
		{CE481A43-FE6F-467E-B6E0-9D1768815A0B}.Debug|Any CPU.Build.0 = Debug|Any CPU
		{CE481A43-FE6F-467E-B6E0-9D1768815A0B}.Release|Any CPU.ActiveCfg = Release|Any CPU
		{CE481A43-FE6F-467E-B6E0-9D1768815A0B}.Release|Any CPU.Build.0 = Release|Any CPU
		{A301761D-8FFD-44CB-8934-6BB3768045A7}.Debug|Any CPU.ActiveCfg = Debug|Any CPU
		{A301761D-8FFD-44CB-8934-6BB3768045A7}.Debug|Any CPU.Build.0 = Debug|Any CPU
		{A301761D-8FFD-44CB-8934-6BB3768045A7}.Release|Any CPU.ActiveCfg = Release|Any CPU
		{A301761D-8FFD-44CB-8934-6BB3768045A7}.Release|Any CPU.Build.0 = Release|Any CPU
	EndGlobalSection
	GlobalSection(SolutionProperties) = preSolution
		HideSolutionNode = FALSE
	EndGlobalSection
	GlobalSection(NestedProjects) = preSolution
		{18E50FAE-B35E-495D-A8A9-17FBE22D54DB} = {120D3275-4D3A-4EA8-8D04-917F6A557608}
		{CE481A43-FE6F-467E-B6E0-9D1768815A0B} = {120D3275-4D3A-4EA8-8D04-917F6A557608}
	EndGlobalSection
	GlobalSection(ExtensibilityGlobals) = postSolution
		SolutionGuid = {BC307D32-077F-4D37-B649-522FDC7B216F}
	EndGlobalSection
EndGlobal
